
Microsoft Visual Studio Solution File, Format Version 12.00
# Visual Studio Version 17
VisualStudioVersion = 17.7.34009.444
MinimumVisualStudioVersion = 10.0.40219.1
Project("{FAE04EC0-301F-11D3-BF4B-00C04F79EFBC}") = "Advanced Combo", "Advanced Combo\Advanced Combo.csproj", "{0E6D39EA-C3A8-4AB8-BF18-835DEB8DD6DB}"
EndProject
Global
	GlobalSection(SolutionConfigurationPlatforms) = preSolution
		Debug|Any CPU = Debug|Any CPU
		Release|Any CPU = Release|Any CPU
	EndGlobalSection
	GlobalSection(ProjectConfigurationPlatforms) = postSolution
		{0E6D39EA-C3A8-4AB8-BF18-835DEB8DD6DB}.Debug|Any CPU.ActiveCfg = Debug|Any CPU
		{0E6D39EA-C3A8-4AB8-BF18-835DEB8DD6DB}.Debug|Any CPU.Build.0 = Debug|Any CPU
		{0E6D39EA-C3A8-4AB8-BF18-835DEB8DD6DB}.Release|Any CPU.ActiveCfg = Release|Any CPU
		{0E6D39EA-C3A8-4AB8-BF18-835DEB8DD6DB}.Release|Any CPU.Build.0 = Release|Any CPU
	EndGlobalSection
	GlobalSection(SolutionProperties) = preSolution
		HideSolutionNode = FALSE
	EndGlobalSection
	GlobalSection(ExtensibilityGlobals) = postSolution
		SolutionGuid = {6D3E4325-CA7F-47AF-B620-49E5828010B6}
	EndGlobalSection
EndGlobal
